
Microsoft Visual Studio Solution File, Format Version 12.00
# Visual Studio Version 17
VisualStudioVersion = 17.9.34714.143
MinimumVisualStudioVersion = 10.0.40219.1
Project("{9A19103F-16F7-4668-BE54-9A1E7A4F7556}") = "PetAdoptionProject", "PetAdoptionProject.csproj", "{743DFF51-59DB-40E0-B584-3E842B8AD119}"
EndProject
Global
	GlobalSection(SolutionConfigurationPlatforms) = preSolution
		Debug|Any CPU = Debug|Any CPU
		Release|Any CPU = Release|Any CPU
	EndGlobalSection
	GlobalSection(ProjectConfigurationPlatforms) = postSolution
		{743DFF51-59DB-40E0-B584-3E842B8AD119}.Debug|Any CPU.ActiveCfg = Debug|Any CPU
		{743DFF51-59DB-40E0-B584-3E842B8AD119}.Debug|Any CPU.Build.0 = Debug|Any CPU
		{743DFF51-59DB-40E0-B584-3E842B8AD119}.Release|Any CPU.ActiveCfg = Release|Any CPU
		{743DFF51-59DB-40E0-B584-3E842B8AD119}.Release|Any CPU.Build.0 = Release|Any CPU
	EndGlobalSection
	GlobalSection(SolutionProperties) = preSolution
		HideSolutionNode = FALSE
	EndGlobalSection
	GlobalSection(ExtensibilityGlobals) = postSolution
		SolutionGuid = {023B4DB2-3939-426F-8601-051D890AD19C}
	EndGlobalSection
EndGlobal
